
Microsoft Visual Studio Solution File, Format Version 12.00
# Visual Studio Version 16
VisualStudioVersion = 25.0.1706.14
MinimumVisualStudioVersion = 10.0.40219.1
Project("{FAE04EC0-301F-11D3-BF4B-00C04F79EFBC}") = "AuthService", "AuthService\AuthService.csproj", "{FEC7130D-9B63-4AE7-B633-1E8EFF089587}"
EndProject
Project("{FAE04EC0-301F-11D3-BF4B-00C04F79EFBC}") = "ResumeAnalyzerMVC", "ResumeAnalyzerMVC\ResumeAnalyzerMVC.csproj", "{78E625F3-784B-4033-8988-B5DF3C2DFCDE}"
EndProject
Project("{2150E333-8FDC-42A3-9474-1A3956D46DE8}") = "SolutionItems", "SolutionItems", "{ADFF2413-93D7-48F3-8AE9-6E8C548230B4}"
	ProjectSection(SolutionItems) = preProject
		appsettings.json = appsettings.json
	EndProjectSection
EndProject
Project("{FAE04EC0-301F-11D3-BF4B-00C04F79EFBC}") = "UserService", "UserService\UserService.csproj", "{DB07183D-97BD-4A71-A5FB-7B651B21E022}"
EndProject
Project("{FAE04EC0-301F-11D3-BF4B-00C04F79EFBC}") = "ResumesService", "ResumesService\ResumesService.csproj", "{FD3D9F58-DB5C-43C1-B427-B1AB01EA34FB}"
EndProject
Project("{FAE04EC0-301F-11D3-BF4B-00C04F79EFBC}") = "EmailService", "EmailService\EmailService.csproj", "{989F3FA5-F2D1-43AF-85A9-A4EA7522F7EA}"
EndProject
Global
	GlobalSection(SolutionConfigurationPlatforms) = preSolution
		Debug|Any CPU = Debug|Any CPU
		Release|Any CPU = Release|Any CPU
	EndGlobalSection
	GlobalSection(ProjectConfigurationPlatforms) = postSolution
		{FEC7130D-9B63-4AE7-B633-1E8EFF089587}.Debug|Any CPU.ActiveCfg = Debug|Any CPU
		{FEC7130D-9B63-4AE7-B633-1E8EFF089587}.Debug|Any CPU.Build.0 = Debug|Any CPU
		{FEC7130D-9B63-4AE7-B633-1E8EFF089587}.Release|Any CPU.ActiveCfg = Release|Any CPU
		{FEC7130D-9B63-4AE7-B633-1E8EFF089587}.Release|Any CPU.Build.0 = Release|Any CPU
		{78E625F3-784B-4033-8988-B5DF3C2DFCDE}.Debug|Any CPU.ActiveCfg = Debug|Any CPU
		{78E625F3-784B-4033-8988-B5DF3C2DFCDE}.Debug|Any CPU.Build.0 = Debug|Any CPU
		{78E625F3-784B-4033-8988-B5DF3C2DFCDE}.Release|Any CPU.ActiveCfg = Release|Any CPU
		{78E625F3-784B-4033-8988-B5DF3C2DFCDE}.Release|Any CPU.Build.0 = Release|Any CPU
		{DB07183D-97BD-4A71-A5FB-7B651B21E022}.Debug|Any CPU.ActiveCfg = Debug|Any CPU
		{DB07183D-97BD-4A71-A5FB-7B651B21E022}.Debug|Any CPU.Build.0 = Debug|Any CPU
		{DB07183D-97BD-4A71-A5FB-7B651B21E022}.Release|Any CPU.ActiveCfg = Release|Any CPU
		{DB07183D-97BD-4A71-A5FB-7B651B21E022}.Release|Any CPU.Build.0 = Release|Any CPU
		{FD3D9F58-DB5C-43C1-B427-B1AB01EA34FB}.Debug|Any CPU.ActiveCfg = Debug|Any CPU
		{FD3D9F58-DB5C-43C1-B427-B1AB01EA34FB}.Debug|Any CPU.Build.0 = Debug|Any CPU
		{FD3D9F58-DB5C-43C1-B427-B1AB01EA34FB}.Release|Any CPU.ActiveCfg = Release|Any CPU
		{FD3D9F58-DB5C-43C1-B427-B1AB01EA34FB}.Release|Any CPU.Build.0 = Release|Any CPU
		{989F3FA5-F2D1-43AF-85A9-A4EA7522F7EA}.Debug|Any CPU.ActiveCfg = Debug|Any CPU
		{989F3FA5-F2D1-43AF-85A9-A4EA7522F7EA}.Debug|Any CPU.Build.0 = Debug|Any CPU
		{989F3FA5-F2D1-43AF-85A9-A4EA7522F7EA}.Release|Any CPU.ActiveCfg = Release|Any CPU
		{989F3FA5-F2D1-43AF-85A9-A4EA7522F7EA}.Release|Any CPU.Build.0 = Release|Any CPU
	EndGlobalSection
	GlobalSection(SolutionProperties) = preSolution
		HideSolutionNode = FALSE
	EndGlobalSection
	GlobalSection(ExtensibilityGlobals) = postSolution
		SolutionGuid = {FD665200-D1D3-49E6-BCA4-2120E0D62928}
	EndGlobalSection
EndGlobal
